
Microsoft Visual Studio Solution File, Format Version 12.00
# Visual Studio 15
VisualStudioVersion = 15.0.26430.13
MinimumVisualStudioVersion = 10.0.40219.1
Project("{FAE04EC0-301F-11D3-BF4B-00C04F79EFBC}") = "DroneLander.Android", "DroneLander\DroneLander.Android\DroneLander.Android.csproj", "{8511A603-0BCB-44DC-B8EE-B9B4B0D7DCA7}"
EndProject
Project("{FAE04EC0-301F-11D3-BF4B-00C04F79EFBC}") = "DroneLander", "DroneLander\DroneLander\DroneLander.csproj", "{566A9A21-C503-4DBF-85D0-4CB60EB3F030}"
EndProject
Project("{FAE04EC0-301F-11D3-BF4B-00C04F79EFBC}") = "DroneLander.UWP", "DroneLander\DroneLander.UWP\DroneLander.UWP.csproj", "{99755FC2-3400-43B2-92E0-631ABD8BD653}"
EndProject
Project("{FAE04EC0-301F-11D3-BF4B-00C04F79EFBC}") = "DroneLander.iOS", "DroneLander\DroneLander.iOS\DroneLander.iOS.csproj", "{A2017B56-98E3-44DB-93DC-319898745437}"
EndProject
Global
	GlobalSection(SolutionConfigurationPlatforms) = preSolution
		Ad-Hoc|Any CPU = Ad-Hoc|Any CPU
		Ad-Hoc|ARM = Ad-Hoc|ARM
		Ad-Hoc|iPhone = Ad-Hoc|iPhone
		Ad-Hoc|iPhoneSimulator = Ad-Hoc|iPhoneSimulator
		Ad-Hoc|x64 = Ad-Hoc|x64
		Ad-Hoc|x86 = Ad-Hoc|x86
		AppStore|Any CPU = AppStore|Any CPU
		AppStore|ARM = AppStore|ARM
		AppStore|iPhone = AppStore|iPhone
		AppStore|iPhoneSimulator = AppStore|iPhoneSimulator
		AppStore|x64 = AppStore|x64
		AppStore|x86 = AppStore|x86
		Debug|Any CPU = Debug|Any CPU
		Debug|ARM = Debug|ARM
		Debug|iPhone = Debug|iPhone
		Debug|iPhoneSimulator = Debug|iPhoneSimulator
		Debug|x64 = Debug|x64
		Debug|x86 = Debug|x86
		Release|Any CPU = Release|Any CPU
		Release|ARM = Release|ARM
		Release|iPhone = Release|iPhone
		Release|iPhoneSimulator = Release|iPhoneSimulator
		Release|x64 = Release|x64
		Release|x86 = Release|x86
	EndGlobalSection
	GlobalSection(ProjectConfigurationPlatforms) = postSolution
		{8511A603-0BCB-44DC-B8EE-B9B4B0D7DCA7}.Ad-Hoc|Any CPU.ActiveCfg = Release|Any CPU
		{8511A603-0BCB-44DC-B8EE-B9B4B0D7DCA7}.Ad-Hoc|Any CPU.Build.0 = Release|Any CPU
		{8511A603-0BCB-44DC-B8EE-B9B4B0D7DCA7}.Ad-Hoc|Any CPU.Deploy.0 = Release|Any CPU
		{8511A603-0BCB-44DC-B8EE-B9B4B0D7DCA7}.Ad-Hoc|ARM.ActiveCfg = Release|Any CPU
		{8511A603-0BCB-44DC-B8EE-B9B4B0D7DCA7}.Ad-Hoc|ARM.Build.0 = Release|Any CPU
		{8511A603-0BCB-44DC-B8EE-B9B4B0D7DCA7}.Ad-Hoc|ARM.Deploy.0 = Release|Any CPU
		{8511A603-0BCB-44DC-B8EE-B9B4B0D7DCA7}.Ad-Hoc|iPhone.ActiveCfg = Release|Any CPU
		{8511A603-0BCB-44DC-B8EE-B9B4B0D7DCA7}.Ad-Hoc|iPhone.Build.0 = Release|Any CPU
		{8511A603-0BCB-44DC-B8EE-B9B4B0D7DCA7}.Ad-Hoc|iPhone.Deploy.0 = Release|Any CPU
		{8511A603-0BCB-44DC-B8EE-B9B4B0D7DCA7}.Ad-Hoc|iPhoneSimulator.ActiveCfg = Release|Any CPU
		{8511A603-0BCB-44DC-B8EE-B9B4B0D7DCA7}.Ad-Hoc|iPhoneSimulator.Build.0 = Release|Any CPU
		{8511A603-0BCB-44DC-B8EE-B9B4B0D7DCA7}.Ad-Hoc|iPhoneSimulator.Deploy.0 = Release|Any CPU
		{8511A603-0BCB-44DC-B8EE-B9B4B0D7DCA7}.Ad-Hoc|x64.ActiveCfg = Release|Any CPU
		{8511A603-0BCB-44DC-B8EE-B9B4B0D7DCA7}.Ad-Hoc|x64.Build.0 = Release|Any CPU
		{8511A603-0BCB-44DC-B8EE-B9B4B0D7DCA7}.Ad-Hoc|x64.Deploy.0 = Release|Any CPU
		{8511A603-0BCB-44DC-B8EE-B9B4B0D7DCA7}.Ad-Hoc|x86.ActiveCfg = Release|Any CPU
		{8511A603-0BCB-44DC-B8EE-B9B4B0D7DCA7}.Ad-Hoc|x86.Build.0 = Release|Any CPU
		{8511A603-0BCB-44DC-B8EE-B9B4B0D7DCA7}.Ad-Hoc|x86.Deploy.0 = Release|Any CPU
		{8511A603-0BCB-44DC-B8EE-B9B4B0D7DCA7}.AppStore|Any CPU.ActiveCfg = Release|Any CPU
		{8511A603-0BCB-44DC-B8EE-B9B4B0D7DCA7}.AppStore|Any CPU.Build.0 = Release|Any CPU
		{8511A603-0BCB-44DC-B8EE-B9B4B0D7DCA7}.AppStore|Any CPU.Deploy.0 = Release|Any CPU
		{8511A603-0BCB-44DC-B8EE-B9B4B0D7DCA7}.AppStore|ARM.ActiveCfg = Release|Any CPU
		{8511A603-0BCB-44DC-B8EE-B9B4B0D7DCA7}.AppStore|ARM.Build.0 = Release|Any CPU
		{8511A603-0BCB-44DC-B8EE-B9B4B0D7DCA7}.AppStore|ARM.Deploy.0 = Release|Any CPU
		{8511A603-0BCB-44DC-B8EE-B9B4B0D7DCA7}.AppStore|iPhone.ActiveCfg = Release|Any CPU
		{8511A603-0BCB-44DC-B8EE-B9B4B0D7DCA7}.AppStore|iPhone.Build.0 = Release|Any CPU
		{8511A603-0BCB-44DC-B8EE-B9B4B0D7DCA7}.AppStore|iPhone.Deploy.0 = Release|Any CPU
		{8511A603-0BCB-44DC-B8EE-B9B4B0D7DCA7}.AppStore|iPhoneSimulator.ActiveCfg = Release|Any CPU
		{8511A603-0BCB-44DC-B8EE-B9B4B0D7DCA7}.AppStore|iPhoneSimulator.Build.0 = Release|Any CPU
		{8511A603-0BCB-44DC-B8EE-B9B4B0D7DCA7}.AppStore|iPhoneSimulator.Deploy.0 = Release|Any CPU
		{8511A603-0BCB-44DC-B8EE-B9B4B0D7DCA7}.AppStore|x64.ActiveCfg = Release|Any CPU
		{8511A603-0BCB-44DC-B8EE-B9B4B0D7DCA7}.AppStore|x64.Build.0 = Release|Any CPU
		{8511A603-0BCB-44DC-B8EE-B9B4B0D7DCA7}.AppStore|x64.Deploy.0 = Release|Any CPU
		{8511A603-0BCB-44DC-B8EE-B9B4B0D7DCA7}.AppStore|x86.ActiveCfg = Release|Any CPU
		{8511A603-0BCB-44DC-B8EE-B9B4B0D7DCA7}.AppStore|x86.Build.0 = Release|Any CPU
		{8511A603-0BCB-44DC-B8EE-B9B4B0D7DCA7}.AppStore|x86.Deploy.0 = Release|Any CPU
		{8511A603-0BCB-44DC-B8EE-B9B4B0D7DCA7}.Debug|Any CPU.ActiveCfg = Debug|Any CPU
		{8511A603-0BCB-44DC-B8EE-B9B4B0D7DCA7}.Debug|Any CPU.Build.0 = Debug|Any CPU
		{8511A603-0BCB-44DC-B8EE-B9B4B0D7DCA7}.Debug|Any CPU.Deploy.0 = Debug|Any CPU
		{8511A603-0BCB-44DC-B8EE-B9B4B0D7DCA7}.Debug|ARM.ActiveCfg = Debug|Any CPU
		{8511A603-0BCB-44DC-B8EE-B9B4B0D7DCA7}.Debug|ARM.Build.0 = Debug|Any CPU
		{8511A603-0BCB-44DC-B8EE-B9B4B0D7DCA7}.Debug|ARM.Deploy.0 = Debug|Any CPU
		{8511A603-0BCB-44DC-B8EE-B9B4B0D7DCA7}.Debug|iPhone.ActiveCfg = Debug|Any CPU
		{8511A603-0BCB-44DC-B8EE-B9B4B0D7DCA7}.Debug|iPhone.Build.0 = Debug|Any CPU
		{8511A603-0BCB-44DC-B8EE-B9B4B0D7DCA7}.Debug|iPhone.Deploy.0 = Debug|Any CPU
		{8511A603-0BCB-44DC-B8EE-B9B4B0D7DCA7}.Debug|iPhoneSimulator.ActiveCfg = Debug|Any CPU
		{8511A603-0BCB-44DC-B8EE-B9B4B0D7DCA7}.Debug|iPhoneSimulator.Build.0 = Debug|Any CPU
		{8511A603-0BCB-44DC-B8EE-B9B4B0D7DCA7}.Debug|iPhoneSimulator.Deploy.0 = Debug|Any CPU
		{8511A603-0BCB-44DC-B8EE-B9B4B0D7DCA7}.Debug|x64.ActiveCfg = Debug|Any CPU
		{8511A603-0BCB-44DC-B8EE-B9B4B0D7DCA7}.Debug|x64.Build.0 = Debug|Any CPU
		{8511A603-0BCB-44DC-B8EE-B9B4B0D7DCA7}.Debug|x64.Deploy.0 = Debug|Any CPU
		{8511A603-0BCB-44DC-B8EE-B9B4B0D7DCA7}.Debug|x86.ActiveCfg = Debug|Any CPU
		{8511A603-0BCB-44DC-B8EE-B9B4B0D7DCA7}.Debug|x86.Build.0 = Debug|Any CPU
		{8511A603-0BCB-44DC-B8EE-B9B4B0D7DCA7}.Debug|x86.Deploy.0 = Debug|Any CPU
		{8511A603-0BCB-44DC-B8EE-B9B4B0D7DCA7}.Release|Any CPU.ActiveCfg = Release|Any CPU
		{8511A603-0BCB-44DC-B8EE-B9B4B0D7DCA7}.Release|Any CPU.Build.0 = Release|Any CPU
		{8511A603-0BCB-44DC-B8EE-B9B4B0D7DCA7}.Release|Any CPU.Deploy.0 = Release|Any CPU
		{8511A603-0BCB-44DC-B8EE-B9B4B0D7DCA7}.Release|ARM.ActiveCfg = Release|Any CPU
		{8511A603-0BCB-44DC-B8EE-B9B4B0D7DCA7}.Release|ARM.Build.0 = Release|Any CPU
		{8511A603-0BCB-44DC-B8EE-B9B4B0D7DCA7}.Release|ARM.Deploy.0 = Release|Any CPU
		{8511A603-0BCB-44DC-B8EE-B9B4B0D7DCA7}.Release|iPhone.ActiveCfg = Release|Any CPU
		{8511A603-0BCB-44DC-B8EE-B9B4B0D7DCA7}.Release|iPhone.Build.0 = Release|Any CPU
		{8511A603-0BCB-44DC-B8EE-B9B4B0D7DCA7}.Release|iPhone.Deploy.0 = Release|Any CPU
		{8511A603-0BCB-44DC-B8EE-B9B4B0D7DCA7}.Release|iPhoneSimulator.ActiveCfg = Release|Any CPU
		{8511A603-0BCB-44DC-B8EE-B9B4B0D7DCA7}.Release|iPhoneSimulator.Build.0 = Release|Any CPU
		{8511A603-0BCB-44DC-B8EE-B9B4B0D7DCA7}.Release|iPhoneSimulator.Deploy.0 = Release|Any CPU
		{8511A603-0BCB-44DC-B8EE-B9B4B0D7DCA7}.Release|x64.ActiveCfg = Release|Any CPU
		{8511A603-0BCB-44DC-B8EE-B9B4B0D7DCA7}.Release|x64.Build.0 = Release|Any CPU
		{8511A603-0BCB-44DC-B8EE-B9B4B0D7DCA7}.Release|x64.Deploy.0 = Release|Any CPU
		{8511A603-0BCB-44DC-B8EE-B9B4B0D7DCA7}.Release|x86.ActiveCfg = Release|Any CPU
		{8511A603-0BCB-44DC-B8EE-B9B4B0D7DCA7}.Release|x86.Build.0 = Release|Any CPU
		{8511A603-0BCB-44DC-B8EE-B9B4B0D7DCA7}.Release|x86.Deploy.0 = Release|Any CPU
		{566A9A21-C503-4DBF-85D0-4CB60EB3F030}.Ad-Hoc|Any CPU.ActiveCfg = Release|Any CPU
		{566A9A21-C503-4DBF-85D0-4CB60EB3F030}.Ad-Hoc|Any CPU.Build.0 = Release|Any CPU
		{566A9A21-C503-4DBF-85D0-4CB60EB3F030}.Ad-Hoc|ARM.ActiveCfg = Release|Any CPU
		{566A9A21-C503-4DBF-85D0-4CB60EB3F030}.Ad-Hoc|ARM.Build.0 = Release|Any CPU
		{566A9A21-C503-4DBF-85D0-4CB60EB3F030}.Ad-Hoc|iPhone.ActiveCfg = Release|Any CPU
		{566A9A21-C503-4DBF-85D0-4CB60EB3F030}.Ad-Hoc|iPhone.Build.0 = Release|Any CPU
		{566A9A21-C503-4DBF-85D0-4CB60EB3F030}.Ad-Hoc|iPhoneSimulator.ActiveCfg = Release|Any CPU
		{566A9A21-C503-4DBF-85D0-4CB60EB3F030}.Ad-Hoc|iPhoneSimulator.Build.0 = Release|Any CPU
		{566A9A21-C503-4DBF-85D0-4CB60EB3F030}.Ad-Hoc|x64.ActiveCfg = Release|Any CPU
		{566A9A21-C503-4DBF-85D0-4CB60EB3F030}.Ad-Hoc|x64.Build.0 = Release|Any CPU
		{566A9A21-C503-4DBF-85D0-4CB60EB3F030}.Ad-Hoc|x86.ActiveCfg = Release|Any CPU
		{566A9A21-C503-4DBF-85D0-4CB60EB3F030}.Ad-Hoc|x86.Build.0 = Release|Any CPU
		{566A9A21-C503-4DBF-85D0-4CB60EB3F030}.AppStore|Any CPU.ActiveCfg = Release|Any CPU
		{566A9A21-C503-4DBF-85D0-4CB60EB3F030}.AppStore|Any CPU.Build.0 = Release|Any CPU
		{566A9A21-C503-4DBF-85D0-4CB60EB3F030}.AppStore|ARM.ActiveCfg = Release|Any CPU
		{566A9A21-C503-4DBF-85D0-4CB60EB3F030}.AppStore|ARM.Build.0 = Release|Any CPU
		{566A9A21-C503-4DBF-85D0-4CB60EB3F030}.AppStore|iPhone.ActiveCfg = Release|Any CPU
		{566A9A21-C503-4DBF-85D0-4CB60EB3F030}.AppStore|iPhone.Build.0 = Release|Any CPU
		{566A9A21-C503-4DBF-85D0-4CB60EB3F030}.AppStore|iPhoneSimulator.ActiveCfg = Release|Any CPU
		{566A9A21-C503-4DBF-85D0-4CB60EB3F030}.AppStore|iPhoneSimulator.Build.0 = Release|Any CPU
		{566A9A21-C503-4DBF-85D0-4CB60EB3F030}.AppStore|x64.ActiveCfg = Release|Any CPU
		{566A9A21-C503-4DBF-85D0-4CB60EB3F030}.AppStore|x64.Build.0 = Release|Any CPU
		{566A9A21-C503-4DBF-85D0-4CB60EB3F030}.AppStore|x86.ActiveCfg = Release|Any CPU
		{566A9A21-C503-4DBF-85D0-4CB60EB3F030}.AppStore|x86.Build.0 = Release|Any CPU
		{566A9A21-C503-4DBF-85D0-4CB60EB3F030}.Debug|Any CPU.ActiveCfg = Debug|Any CPU
		{566A9A21-C503-4DBF-85D0-4CB60EB3F030}.Debug|Any CPU.Build.0 = Debug|Any CPU
		{566A9A21-C503-4DBF-85D0-4CB60EB3F030}.Debug|ARM.ActiveCfg = Debug|Any CPU
		{566A9A21-C503-4DBF-85D0-4CB60EB3F030}.Debug|ARM.Build.0 = Debug|Any CPU
		{566A9A21-C503-4DBF-85D0-4CB60EB3F030}.Debug|iPhone.ActiveCfg = Debug|Any CPU
		{566A9A21-C503-4DBF-85D0-4CB60EB3F030}.Debug|iPhone.Build.0 = Debug|Any CPU
		{566A9A21-C503-4DBF-85D0-4CB60EB3F030}.Debug|iPhoneSimulator.ActiveCfg = Debug|Any CPU
		{566A9A21-C503-4DBF-85D0-4CB60EB3F030}.Debug|iPhoneSimulator.Build.0 = Debug|Any CPU
		{566A9A21-C503-4DBF-85D0-4CB60EB3F030}.Debug|x64.ActiveCfg = Debug|Any CPU
		{566A9A21-C503-4DBF-85D0-4CB60EB3F030}.Debug|x64.Build.0 = Debug|Any CPU
		{566A9A21-C503-4DBF-85D0-4CB60EB3F030}.Debug|x86.ActiveCfg = Debug|Any CPU
		{566A9A21-C503-4DBF-85D0-4CB60EB3F030}.Debug|x86.Build.0 = Debug|Any CPU
		{566A9A21-C503-4DBF-85D0-4CB60EB3F030}.Release|Any CPU.ActiveCfg = Release|Any CPU
		{566A9A21-C503-4DBF-85D0-4CB60EB3F030}.Release|Any CPU.Build.0 = Release|Any CPU
		{566A9A21-C503-4DBF-85D0-4CB60EB3F030}.Release|ARM.ActiveCfg = Release|Any CPU
		{566A9A21-C503-4DBF-85D0-4CB60EB3F030}.Release|ARM.Build.0 = Release|Any CPU
		{566A9A21-C503-4DBF-85D0-4CB60EB3F030}.Release|iPhone.ActiveCfg = Release|Any CPU
		{566A9A21-C503-4DBF-85D0-4CB60EB3F030}.Release|iPhone.Build.0 = Release|Any CPU
		{566A9A21-C503-4DBF-85D0-4CB60EB3F030}.Release|iPhoneSimulator.ActiveCfg = Release|Any CPU
		{566A9A21-C503-4DBF-85D0-4CB60EB3F030}.Release|iPhoneSimulator.Build.0 = Release|Any CPU
		{566A9A21-C503-4DBF-85D0-4CB60EB3F030}.Release|x64.ActiveCfg = Release|Any CPU
		{566A9A21-C503-4DBF-85D0-4CB60EB3F030}.Release|x64.Build.0 = Release|Any CPU
		{566A9A21-C503-4DBF-85D0-4CB60EB3F030}.Release|x86.ActiveCfg = Release|Any CPU
		{566A9A21-C503-4DBF-85D0-4CB60EB3F030}.Release|x86.Build.0 = Release|Any CPU
		{99755FC2-3400-43B2-92E0-631ABD8BD653}.Ad-Hoc|Any CPU.ActiveCfg = Release|x86
		{99755FC2-3400-43B2-92E0-631ABD8BD653}.Ad-Hoc|Any CPU.Build.0 = Release|x86
		{99755FC2-3400-43B2-92E0-631ABD8BD653}.Ad-Hoc|Any CPU.Deploy.0 = Release|x86
		{99755FC2-3400-43B2-92E0-631ABD8BD653}.Ad-Hoc|ARM.ActiveCfg = Release|ARM
		{99755FC2-3400-43B2-92E0-631ABD8BD653}.Ad-Hoc|ARM.Build.0 = Release|ARM
		{99755FC2-3400-43B2-92E0-631ABD8BD653}.Ad-Hoc|ARM.Deploy.0 = Release|ARM
		{99755FC2-3400-43B2-92E0-631ABD8BD653}.Ad-Hoc|iPhone.ActiveCfg = Release|x86
		{99755FC2-3400-43B2-92E0-631ABD8BD653}.Ad-Hoc|iPhone.Build.0 = Release|x86
		{99755FC2-3400-43B2-92E0-631ABD8BD653}.Ad-Hoc|iPhone.Deploy.0 = Release|x86
		{99755FC2-3400-43B2-92E0-631ABD8BD653}.Ad-Hoc|iPhoneSimulator.ActiveCfg = Release|x86
		{99755FC2-3400-43B2-92E0-631ABD8BD653}.Ad-Hoc|iPhoneSimulator.Build.0 = Release|x86
		{99755FC2-3400-43B2-92E0-631ABD8BD653}.Ad-Hoc|iPhoneSimulator.Deploy.0 = Release|x86
		{99755FC2-3400-43B2-92E0-631ABD8BD653}.Ad-Hoc|x64.ActiveCfg = Release|x64
		{99755FC2-3400-43B2-92E0-631ABD8BD653}.Ad-Hoc|x64.Build.0 = Release|x64
		{99755FC2-3400-43B2-92E0-631ABD8BD653}.Ad-Hoc|x64.Deploy.0 = Release|x64
		{99755FC2-3400-43B2-92E0-631ABD8BD653}.Ad-Hoc|x86.ActiveCfg = Release|x86
		{99755FC2-3400-43B2-92E0-631ABD8BD653}.Ad-Hoc|x86.Build.0 = Release|x86
		{99755FC2-3400-43B2-92E0-631ABD8BD653}.Ad-Hoc|x86.Deploy.0 = Release|x86
		{99755FC2-3400-43B2-92E0-631ABD8BD653}.AppStore|Any CPU.ActiveCfg = Release|x86
		{99755FC2-3400-43B2-92E0-631ABD8BD653}.AppStore|Any CPU.Build.0 = Release|x86
		{99755FC2-3400-43B2-92E0-631ABD8BD653}.AppStore|Any CPU.Deploy.0 = Release|x86
		{99755FC2-3400-43B2-92E0-631ABD8BD653}.AppStore|ARM.ActiveCfg = Release|ARM
		{99755FC2-3400-43B2-92E0-631ABD8BD653}.AppStore|ARM.Build.0 = Release|ARM
		{99755FC2-3400-43B2-92E0-631ABD8BD653}.AppStore|ARM.Deploy.0 = Release|ARM
		{99755FC2-3400-43B2-92E0-631ABD8BD653}.AppStore|iPhone.ActiveCfg = Release|x86
		{99755FC2-3400-43B2-92E0-631ABD8BD653}.AppStore|iPhone.Build.0 = Release|x86
		{99755FC2-3400-43B2-92E0-631ABD8BD653}.AppStore|iPhone.Deploy.0 = Release|x86
		{99755FC2-3400-43B2-92E0-631ABD8BD653}.AppStore|iPhoneSimulator.ActiveCfg = Release|x86
		{99755FC2-3400-43B2-92E0-631ABD8BD653}.AppStore|iPhoneSimulator.Build.0 = Release|x86
		{99755FC2-3400-43B2-92E0-631ABD8BD653}.AppStore|iPhoneSimulator.Deploy.0 = Release|x86
		{99755FC2-3400-43B2-92E0-631ABD8BD653}.AppStore|x64.ActiveCfg = Release|x64
		{99755FC2-3400-43B2-92E0-631ABD8BD653}.AppStore|x64.Build.0 = Release|x64
		{99755FC2-3400-43B2-92E0-631ABD8BD653}.AppStore|x64.Deploy.0 = Release|x64
		{99755FC2-3400-43B2-92E0-631ABD8BD653}.AppStore|x86.ActiveCfg = Release|x86
		{99755FC2-3400-43B2-92E0-631ABD8BD653}.AppStore|x86.Build.0 = Release|x86
		{99755FC2-3400-43B2-92E0-631ABD8BD653}.AppStore|x86.Deploy.0 = Release|x86
		{99755FC2-3400-43B2-92E0-631ABD8BD653}.Debug|Any CPU.ActiveCfg = Debug|x86
		{99755FC2-3400-43B2-92E0-631ABD8BD653}.Debug|ARM.ActiveCfg = Debug|ARM
		{99755FC2-3400-43B2-92E0-631ABD8BD653}.Debug|ARM.Build.0 = Debug|ARM
		{99755FC2-3400-43B2-92E0-631ABD8BD653}.Debug|ARM.Deploy.0 = Debug|ARM
		{99755FC2-3400-43B2-92E0-631ABD8BD653}.Debug|iPhone.ActiveCfg = Debug|x86
		{99755FC2-3400-43B2-92E0-631ABD8BD653}.Debug|iPhoneSimulator.ActiveCfg = Debug|x86
		{99755FC2-3400-43B2-92E0-631ABD8BD653}.Debug|x64.ActiveCfg = Debug|x64
		{99755FC2-3400-43B2-92E0-631ABD8BD653}.Debug|x64.Build.0 = Debug|x64
		{99755FC2-3400-43B2-92E0-631ABD8BD653}.Debug|x64.Deploy.0 = Debug|x64
		{99755FC2-3400-43B2-92E0-631ABD8BD653}.Debug|x86.ActiveCfg = Debug|x86
		{99755FC2-3400-43B2-92E0-631ABD8BD653}.Debug|x86.Build.0 = Debug|x86
		{99755FC2-3400-43B2-92E0-631ABD8BD653}.Debug|x86.Deploy.0 = Debug|x86
		{99755FC2-3400-43B2-92E0-631ABD8BD653}.Release|Any CPU.ActiveCfg = Release|x86
		{99755FC2-3400-43B2-92E0-631ABD8BD653}.Release|ARM.ActiveCfg = Release|ARM
		{99755FC2-3400-43B2-92E0-631ABD8BD653}.Release|ARM.Build.0 = Release|ARM
		{99755FC2-3400-43B2-92E0-631ABD8BD653}.Release|ARM.Deploy.0 = Release|ARM
		{99755FC2-3400-43B2-92E0-631ABD8BD653}.Release|iPhone.ActiveCfg = Release|x86
		{99755FC2-3400-43B2-92E0-631ABD8BD653}.Release|iPhoneSimulator.ActiveCfg = Release|x86
		{99755FC2-3400-43B2-92E0-631ABD8BD653}.Release|x64.ActiveCfg = Release|x64
		{99755FC2-3400-43B2-92E0-631ABD8BD653}.Release|x64.Build.0 = Release|x64
		{99755FC2-3400-43B2-92E0-631ABD8BD653}.Release|x64.Deploy.0 = Release|x64
		{99755FC2-3400-43B2-92E0-631ABD8BD653}.Release|x86.ActiveCfg = Release|x86
		{99755FC2-3400-43B2-92E0-631ABD8BD653}.Release|x86.Build.0 = Release|x86
		{99755FC2-3400-43B2-92E0-631ABD8BD653}.Release|x86.Deploy.0 = Release|x86
		{A2017B56-98E3-44DB-93DC-319898745437}.Ad-Hoc|Any CPU.ActiveCfg = Ad-Hoc|iPhone
		{A2017B56-98E3-44DB-93DC-319898745437}.Ad-Hoc|ARM.ActiveCfg = Ad-Hoc|iPhone
		{A2017B56-98E3-44DB-93DC-319898745437}.Ad-Hoc|iPhone.ActiveCfg = Ad-Hoc|iPhone
		{A2017B56-98E3-44DB-93DC-319898745437}.Ad-Hoc|iPhone.Build.0 = Ad-Hoc|iPhone
		{A2017B56-98E3-44DB-93DC-319898745437}.Ad-Hoc|iPhoneSimulator.ActiveCfg = Ad-Hoc|iPhoneSimulator
		{A2017B56-98E3-44DB-93DC-319898745437}.Ad-Hoc|iPhoneSimulator.Build.0 = Ad-Hoc|iPhoneSimulator
		{A2017B56-98E3-44DB-93DC-319898745437}.Ad-Hoc|x64.ActiveCfg = Ad-Hoc|iPhone
		{A2017B56-98E3-44DB-93DC-319898745437}.Ad-Hoc|x86.ActiveCfg = Ad-Hoc|iPhone
		{A2017B56-98E3-44DB-93DC-319898745437}.AppStore|Any CPU.ActiveCfg = AppStore|iPhone
		{A2017B56-98E3-44DB-93DC-319898745437}.AppStore|ARM.ActiveCfg = AppStore|iPhone
		{A2017B56-98E3-44DB-93DC-319898745437}.AppStore|iPhone.ActiveCfg = AppStore|iPhone
		{A2017B56-98E3-44DB-93DC-319898745437}.AppStore|iPhone.Build.0 = AppStore|iPhone
		{A2017B56-98E3-44DB-93DC-319898745437}.AppStore|iPhoneSimulator.ActiveCfg = AppStore|iPhoneSimulator
		{A2017B56-98E3-44DB-93DC-319898745437}.AppStore|iPhoneSimulator.Build.0 = AppStore|iPhoneSimulator
		{A2017B56-98E3-44DB-93DC-319898745437}.AppStore|x64.ActiveCfg = AppStore|iPhone
		{A2017B56-98E3-44DB-93DC-319898745437}.AppStore|x86.ActiveCfg = AppStore|iPhone
		{A2017B56-98E3-44DB-93DC-319898745437}.Debug|Any CPU.ActiveCfg = Debug|iPhone
		{A2017B56-98E3-44DB-93DC-319898745437}.Debug|ARM.ActiveCfg = Debug|iPhone
		{A2017B56-98E3-44DB-93DC-319898745437}.Debug|iPhone.ActiveCfg = Debug|iPhone
		{A2017B56-98E3-44DB-93DC-319898745437}.Debug|iPhone.Build.0 = Debug|iPhone
		{A2017B56-98E3-44DB-93DC-319898745437}.Debug|iPhoneSimulator.ActiveCfg = Debug|iPhoneSimulator
		{A2017B56-98E3-44DB-93DC-319898745437}.Debug|iPhoneSimulator.Build.0 = Debug|iPhoneSimulator
		{A2017B56-98E3-44DB-93DC-319898745437}.Debug|x64.ActiveCfg = Debug|iPhone
		{A2017B56-98E3-44DB-93DC-319898745437}.Debug|x86.ActiveCfg = Debug|iPhone
		{A2017B56-98E3-44DB-93DC-319898745437}.Release|Any CPU.ActiveCfg = Release|iPhone
		{A2017B56-98E3-44DB-93DC-319898745437}.Release|ARM.ActiveCfg = Release|iPhone
		{A2017B56-98E3-44DB-93DC-319898745437}.Release|iPhone.ActiveCfg = Release|iPhone
		{A2017B56-98E3-44DB-93DC-319898745437}.Release|iPhone.Build.0 = Release|iPhone
		{A2017B56-98E3-44DB-93DC-319898745437}.Release|iPhoneSimulator.ActiveCfg = Release|iPhoneSimulator
		{A2017B56-98E3-44DB-93DC-319898745437}.Release|iPhoneSimulator.Build.0 = Release|iPhoneSimulator
		{A2017B56-98E3-44DB-93DC-319898745437}.Release|x64.ActiveCfg = Release|iPhone
		{A2017B56-98E3-44DB-93DC-319898745437}.Release|x86.ActiveCfg = Release|iPhone
	EndGlobalSection
	GlobalSection(SolutionProperties) = preSolution
		HideSolutionNode = FALSE
	EndGlobalSection
EndGlobal
